// !$*UTF8*$!
{
	archiveVersion = 1;
	classes = {
	};
	objectVersion = 46;
	objects = {

/* Begin PBXBuildFile section */
		24B9E2546203A45EDDB5E3B6 /* libPods.a in Frameworks */ = {isa = PBXBuildFile; fileRef = C327D1390520892038B02CCB /* libPods.a */; };
		D03F8CD41A14225C007D2136 /* NSString+Extras.m in Sources */ = {isa = PBXBuildFile; fileRef = D03F8CD31A14225C007D2136 /* NSString+Extras.m */; };
		D070CF321A129BEC00AEFD8A /* ImageGenerator.m in Sources */ = {isa = PBXBuildFile; fileRef = D070CF311A129BEC00AEFD8A /* ImageGenerator.m */; };
		D070CF3C1A12BBE100AEFD8A /* UIImage+OpenCV.mm in Sources */ = {isa = PBXBuildFile; fileRef = D070CF3B1A12BBE100AEFD8A /* UIImage+OpenCV.mm */; };
		D070CF3F1A12C1EF00AEFD8A /* ResultVC.m in Sources */ = {isa = PBXBuildFile; fileRef = D070CF3E1A12C1EF00AEFD8A /* ResultVC.m */; };
		D076FD821A11985900E9E148 /* main.m in Sources */ = {isa = PBXBuildFile; fileRef = D076FD811A11985900E9E148 /* main.m */; };
		D076FD851A11985900E9E148 /* AppDelegate.m in Sources */ = {isa = PBXBuildFile; fileRef = D076FD841A11985900E9E148 /* AppDelegate.m */; };
		D076FD881A11985900E9E148 /* ViewController.m in Sources */ = {isa = PBXBuildFile; fileRef = D076FD871A11985900E9E148 /* ViewController.m */; };
		D076FD8B1A11985900E9E148 /* Main.storyboard in Resources */ = {isa = PBXBuildFile; fileRef = D076FD891A11985900E9E148 /* Main.storyboard */; };
		D076FD8D1A11985900E9E148 /* Images.xcassets in Resources */ = {isa = PBXBuildFile; fileRef = D076FD8C1A11985900E9E148 /* Images.xcassets */; };
		D076FD901A11985900E9E148 /* LaunchScreen.xib in Resources */ = {isa = PBXBuildFile; fileRef = D076FD8E1A11985900E9E148 /* LaunchScreen.xib */; };
		D076FD9C1A11985900E9E148 /* VirtualTourTests.m in Sources */ = {isa = PBXBuildFile; fileRef = D076FD9B1A11985900E9E148 /* VirtualTourTests.m */; };
		D076FDB21A11A02C00E9E148 /* IMG_0177.jpg in Resources */ = {isa = PBXBuildFile; fileRef = D076FDA61A11A02C00E9E148 /* IMG_0177.jpg */; };
		D076FDB31A11A02C00E9E148 /* IMG_0178.jpg in Resources */ = {isa = PBXBuildFile; fileRef = D076FDA71A11A02C00E9E148 /* IMG_0178.jpg */; };
		D076FDB41A11A02C00E9E148 /* IMG_0179.jpg in Resources */ = {isa = PBXBuildFile; fileRef = D076FDA81A11A02C00E9E148 /* IMG_0179.jpg */; };
		D076FDB51A11A02C00E9E148 /* IMG_0180.jpg in Resources */ = {isa = PBXBuildFile; fileRef = D076FDA91A11A02C00E9E148 /* IMG_0180.jpg */; };
		D076FDB61A11A02C00E9E148 /* IMG_0181.jpg in Resources */ = {isa = PBXBuildFile; fileRef = D076FDAA1A11A02C00E9E148 /* IMG_0181.jpg */; };
		D076FDB71A11A02C00E9E148 /* IMG_0182.jpg in Resources */ = {isa = PBXBuildFile; fileRef = D076FDAB1A11A02C00E9E148 /* IMG_0182.jpg */; };
		D076FDB81A11A02C00E9E148 /* IMG_0183.jpg in Resources */ = {isa = PBXBuildFile; fileRef = D076FDAC1A11A02C00E9E148 /* IMG_0183.jpg */; };
		D076FDB91A11A02C00E9E148 /* IMG_0184.jpg in Resources */ = {isa = PBXBuildFile; fileRef = D076FDAD1A11A02C00E9E148 /* IMG_0184.jpg */; };
		D076FDBA1A11A02C00E9E148 /* IMG_0185.jpg in Resources */ = {isa = PBXBuildFile; fileRef = D076FDAE1A11A02C00E9E148 /* IMG_0185.jpg */; };
		D076FDBB1A11A02C00E9E148 /* IMG_0186.jpg in Resources */ = {isa = PBXBuildFile; fileRef = D076FDAF1A11A02C00E9E148 /* IMG_0186.jpg */; };
		D076FDBC1A11A02C00E9E148 /* IMG_0187.jpg in Resources */ = {isa = PBXBuildFile; fileRef = D076FDB01A11A02C00E9E148 /* IMG_0187.jpg */; };
		D076FDBD1A11A02C00E9E148 /* IMG_0188.jpg in Resources */ = {isa = PBXBuildFile; fileRef = D076FDB11A11A02C00E9E148 /* IMG_0188.jpg */; };
		D076FDC11A11A3C900E9E148 /* PanoramaSticher.mm in Sources */ = {isa = PBXBuildFile; fileRef = D076FDC01A11A3C900E9E148 /* PanoramaSticher.mm */; };
		D0EDB2381A13D6D800B730A0 /* VTRImageDebugView.m in Sources */ = {isa = PBXBuildFile; fileRef = D0EDB2371A13D6D800B730A0 /* VTRImageDebugView.m */; };
/* End PBXBuildFile section */

/* Begin PBXContainerItemProxy section */
		D076FD961A11985900E9E148 /* PBXContainerItemProxy */ = {
			isa = PBXContainerItemProxy;
			containerPortal = D076FD741A11985800E9E148 /* Project object */;
			proxyType = 1;
			remoteGlobalIDString = D076FD7B1A11985800E9E148;
			remoteInfo = VirtualTour;
		};
/* End PBXContainerItemProxy section */

/* Begin PBXFileReference section */
		1FB8DC7A3B414710B5B8657B /* Pods.debug.xcconfig */ = {isa = PBXFileReference; includeInIndex = 1; lastKnownFileType = text.xcconfig; name = Pods.debug.xcconfig; path = "Pods/Target Support Files/Pods/Pods.debug.xcconfig"; sourceTree = "<group>"; };
		C327D1390520892038B02CCB /* libPods.a */ = {isa = PBXFileReference; explicitFileType = archive.ar; includeInIndex = 0; path = libPods.a; sourceTree = BUILT_PRODUCTS_DIR; };
		D03F8CD21A14225C007D2136 /* NSString+Extras.h */ = {isa = PBXFileReference; fileEncoding = 4; lastKnownFileType = sourcecode.c.h; path = "NSString+Extras.h"; sourceTree = "<group>"; };
		D03F8CD31A14225C007D2136 /* NSString+Extras.m */ = {isa = PBXFileReference; fileEncoding = 4; lastKnownFileType = sourcecode.c.objc; path = "NSString+Extras.m"; sourceTree = "<group>"; };
		D070CF2D1A12989100AEFD8A /* PrefixHeader.pch */ = {isa = PBXFileReference; fileEncoding = 4; lastKnownFileType = sourcecode.c.h; path = PrefixHeader.pch; sourceTree = "<group>"; };
		D070CF2E1A12998D00AEFD8A /* PanoramaStitcher.h */ = {isa = PBXFileReference; fileEncoding = 4; lastKnownFileType = sourcecode.c.h; path = PanoramaStitcher.h; sourceTree = "<group>"; };
		D070CF301A129BEC00AEFD8A /* ImageGenerator.h */ = {isa = PBXFileReference; fileEncoding = 4; lastKnownFileType = sourcecode.c.h; path = ImageGenerator.h; sourceTree = "<group>"; };
		D070CF311A129BEC00AEFD8A /* ImageGenerator.m */ = {isa = PBXFileReference; fileEncoding = 4; lastKnownFileType = sourcecode.c.objc; path = ImageGenerator.m; sourceTree = "<group>"; };
		D070CF3A1A12BBE100AEFD8A /* UIImage+OpenCV.h */ = {isa = PBXFileReference; fileEncoding = 4; lastKnownFileType = sourcecode.c.h; path = "UIImage+OpenCV.h"; sourceTree = "<group>"; };
		D070CF3B1A12BBE100AEFD8A /* UIImage+OpenCV.mm */ = {isa = PBXFileReference; fileEncoding = 4; lastKnownFileType = sourcecode.cpp.objcpp; path = "UIImage+OpenCV.mm"; sourceTree = "<group>"; };
		D070CF3D1A12C1EF00AEFD8A /* ResultVC.h */ = {isa = PBXFileReference; fileEncoding = 4; lastKnownFileType = sourcecode.c.h; path = ResultVC.h; sourceTree = "<group>"; };
		D070CF3E1A12C1EF00AEFD8A /* ResultVC.m */ = {isa = PBXFileReference; fileEncoding = 4; lastKnownFileType = sourcecode.c.objc; path = ResultVC.m; sourceTree = "<group>"; };
		D076FD7C1A11985900E9E148 /* VirtualTour.app */ = {isa = PBXFileReference; explicitFileType = wrapper.application; includeInIndex = 0; path = VirtualTour.app; sourceTree = BUILT_PRODUCTS_DIR; };
		D076FD801A11985900E9E148 /* Info.plist */ = {isa = PBXFileReference; lastKnownFileType = text.plist.xml; path = Info.plist; sourceTree = "<group>"; };
		D076FD811A11985900E9E148 /* main.m */ = {isa = PBXFileReference; lastKnownFileType = sourcecode.c.objc; path = main.m; sourceTree = "<group>"; };
		D076FD831A11985900E9E148 /* AppDelegate.h */ = {isa = PBXFileReference; lastKnownFileType = sourcecode.c.h; path = AppDelegate.h; sourceTree = "<group>"; };
		D076FD841A11985900E9E148 /* AppDelegate.m */ = {isa = PBXFileReference; lastKnownFileType = sourcecode.c.objc; path = AppDelegate.m; sourceTree = "<group>"; };
		D076FD861A11985900E9E148 /* ViewController.h */ = {isa = PBXFileReference; lastKnownFileType = sourcecode.c.h; path = ViewController.h; sourceTree = "<group>"; };
		D076FD871A11985900E9E148 /* ViewController.m */ = {isa = PBXFileReference; lastKnownFileType = sourcecode.c.objc; path = ViewController.m; sourceTree = "<group>"; };
		D076FD8A1A11985900E9E148 /* Base */ = {isa = PBXFileReference; lastKnownFileType = file.storyboard; name = Base; path = Base.lproj/Main.storyboard; sourceTree = "<group>"; };
		D076FD8C1A11985900E9E148 /* Images.xcassets */ = {isa = PBXFileReference; lastKnownFileType = folder.assetcatalog; path = Images.xcassets; sourceTree = "<group>"; };
		D076FD8F1A11985900E9E148 /* Base */ = {isa = PBXFileReference; lastKnownFileType = file.xib; name = Base; path = Base.lproj/LaunchScreen.xib; sourceTree = "<group>"; };
		D076FD951A11985900E9E148 /* VirtualTourTests.xctest */ = {isa = PBXFileReference; explicitFileType = wrapper.cfbundle; includeInIndex = 0; path = VirtualTourTests.xctest; sourceTree = BUILT_PRODUCTS_DIR; };
		D076FD9A1A11985900E9E148 /* Info.plist */ = {isa = PBXFileReference; lastKnownFileType = text.plist.xml; path = Info.plist; sourceTree = "<group>"; };
		D076FD9B1A11985900E9E148 /* VirtualTourTests.m */ = {isa = PBXFileReference; lastKnownFileType = sourcecode.c.objc; path = VirtualTourTests.m; sourceTree = "<group>"; };
		D076FDA61A11A02C00E9E148 /* IMG_0177.jpg */ = {isa = PBXFileReference; lastKnownFileType = image.jpeg; path = IMG_0177.jpg; sourceTree = "<group>"; };
		D076FDA71A11A02C00E9E148 /* IMG_0178.jpg */ = {isa = PBXFileReference; lastKnownFileType = image.jpeg; path = IMG_0178.jpg; sourceTree = "<group>"; };
		D076FDA81A11A02C00E9E148 /* IMG_0179.jpg */ = {isa = PBXFileReference; lastKnownFileType = image.jpeg; path = IMG_0179.jpg; sourceTree = "<group>"; };
		D076FDA91A11A02C00E9E148 /* IMG_0180.jpg */ = {isa = PBXFileReference; lastKnownFileType = image.jpeg; path = IMG_0180.jpg; sourceTree = "<group>"; };
		D076FDAA1A11A02C00E9E148 /* IMG_0181.jpg */ = {isa = PBXFileReference; lastKnownFileType = image.jpeg; path = IMG_0181.jpg; sourceTree = "<group>"; };
		D076FDAB1A11A02C00E9E148 /* IMG_0182.jpg */ = {isa = PBXFileReference; lastKnownFileType = image.jpeg; path = IMG_0182.jpg; sourceTree = "<group>"; };
		D076FDAC1A11A02C00E9E148 /* IMG_0183.jpg */ = {isa = PBXFileReference; lastKnownFileType = image.jpeg; path = IMG_0183.jpg; sourceTree = "<group>"; };
		D076FDAD1A11A02C00E9E148 /* IMG_0184.jpg */ = {isa = PBXFileReference; lastKnownFileType = image.jpeg; path = IMG_0184.jpg; sourceTree = "<group>"; };
		D076FDAE1A11A02C00E9E148 /* IMG_0185.jpg */ = {isa = PBXFileReference; lastKnownFileType = image.jpeg; path = IMG_0185.jpg; sourceTree = "<group>"; };
		D076FDAF1A11A02C00E9E148 /* IMG_0186.jpg */ = {isa = PBXFileReference; lastKnownFileType = image.jpeg; path = IMG_0186.jpg; sourceTree = "<group>"; };
		D076FDB01A11A02C00E9E148 /* IMG_0187.jpg */ = {isa = PBXFileReference; lastKnownFileType = image.jpeg; path = IMG_0187.jpg; sourceTree = "<group>"; };
		D076FDB11A11A02C00E9E148 /* IMG_0188.jpg */ = {isa = PBXFileReference; lastKnownFileType = image.jpeg; path = IMG_0188.jpg; sourceTree = "<group>"; };
		D076FDC01A11A3C900E9E148 /* PanoramaSticher.mm */ = {isa = PBXFileReference; fileEncoding = 4; lastKnownFileType = sourcecode.cpp.objcpp; path = PanoramaSticher.mm; sourceTree = "<group>"; };
		D0EDB2361A13D6D800B730A0 /* VTRImageDebugView.h */ = {isa = PBXFileReference; fileEncoding = 4; lastKnownFileType = sourcecode.c.h; path = VTRImageDebugView.h; sourceTree = "<group>"; };
		D0EDB2371A13D6D800B730A0 /* VTRImageDebugView.m */ = {isa = PBXFileReference; fileEncoding = 4; lastKnownFileType = sourcecode.c.objc; path = VTRImageDebugView.m; sourceTree = "<group>"; };
		D9852D8DE31A2E30E49BFAFE /* Pods.release.xcconfig */ = {isa = PBXFileReference; includeInIndex = 1; lastKnownFileType = text.xcconfig; name = Pods.release.xcconfig; path = "Pods/Target Support Files/Pods/Pods.release.xcconfig"; sourceTree = "<group>"; };
/* End PBXFileReference section */

/* Begin PBXFrameworksBuildPhase section */
		D076FD791A11985800E9E148 /* Frameworks */ = {
			isa = PBXFrameworksBuildPhase;
			buildActionMask = 2147483647;
			files = (
				24B9E2546203A45EDDB5E3B6 /* libPods.a in Frameworks */,
			);
			runOnlyForDeploymentPostprocessing = 0;
		};
		D076FD921A11985900E9E148 /* Frameworks */ = {
			isa = PBXFrameworksBuildPhase;
			buildActionMask = 2147483647;
			files = (
			);
			runOnlyForDeploymentPostprocessing = 0;
		};
/* End PBXFrameworksBuildPhase section */

/* Begin PBXGroup section */
		A5E2C84E1CC49C5797D5D4F6 /* Frameworks */ = {
			isa = PBXGroup;
			children = (
				C327D1390520892038B02CCB /* libPods.a */,
			);
			name = Frameworks;
			sourceTree = "<group>";
		};
		AFD04AB7A43FBC36F170C4F4 /* Pods */ = {
			isa = PBXGroup;
			children = (
				1FB8DC7A3B414710B5B8657B /* Pods.debug.xcconfig */,
				D9852D8DE31A2E30E49BFAFE /* Pods.release.xcconfig */,
			);
			name = Pods;
			sourceTree = "<group>";
		};
		D070CF2F1A129BAE00AEFD8A /* Image Processing */ = {
			isa = PBXGroup;
			children = (
				D070CF361A12B8AF00AEFD8A /* Utils */,
				D076FDC01A11A3C900E9E148 /* PanoramaSticher.mm */,
				D070CF2E1A12998D00AEFD8A /* PanoramaStitcher.h */,
				D070CF301A129BEC00AEFD8A /* ImageGenerator.h */,
				D070CF311A129BEC00AEFD8A /* ImageGenerator.m */,
			);
			name = "Image Processing";
			sourceTree = "<group>";
		};
		D070CF361A12B8AF00AEFD8A /* Utils */ = {
			isa = PBXGroup;
			children = (
				D070CF3A1A12BBE100AEFD8A /* UIImage+OpenCV.h */,
				D070CF3B1A12BBE100AEFD8A /* UIImage+OpenCV.mm */,
				D03F8CD21A14225C007D2136 /* NSString+Extras.h */,
				D03F8CD31A14225C007D2136 /* NSString+Extras.m */,
			);
			name = Utils;
			sourceTree = "<group>";
		};
		D076FD731A11985800E9E148 = {
			isa = PBXGroup;
			children = (
				D076FD7E1A11985900E9E148 /* VirtualTour */,
				D076FD981A11985900E9E148 /* VirtualTourTests */,
				D076FD7D1A11985900E9E148 /* Products */,
				AFD04AB7A43FBC36F170C4F4 /* Pods */,
				A5E2C84E1CC49C5797D5D4F6 /* Frameworks */,
			);
			sourceTree = "<group>";
		};
		D076FD7D1A11985900E9E148 /* Products */ = {
			isa = PBXGroup;
			children = (
				D076FD7C1A11985900E9E148 /* VirtualTour.app */,
				D076FD951A11985900E9E148 /* VirtualTourTests.xctest */,
			);
			name = Products;
			sourceTree = "<group>";
		};
		D076FD7E1A11985900E9E148 /* VirtualTour */ = {
			isa = PBXGroup;
			children = (
				D0EDB2361A13D6D800B730A0 /* VTRImageDebugView.h */,
				D0EDB2371A13D6D800B730A0 /* VTRImageDebugView.m */,
				D070CF3D1A12C1EF00AEFD8A /* ResultVC.h */,
				D070CF3E1A12C1EF00AEFD8A /* ResultVC.m */,
				D076FD831A11985900E9E148 /* AppDelegate.h */,
				D076FD841A11985900E9E148 /* AppDelegate.m */,
				D076FD861A11985900E9E148 /* ViewController.h */,
				D076FD871A11985900E9E148 /* ViewController.m */,
				D070CF2F1A129BAE00AEFD8A /* Image Processing */,
				D076FD891A11985900E9E148 /* Main.storyboard */,
				D076FD8C1A11985900E9E148 /* Images.xcassets */,
				D076FD8E1A11985900E9E148 /* LaunchScreen.xib */,
				D076FD7F1A11985900E9E148 /* Supporting Files */,
			);
			path = VirtualTour;
			sourceTree = "<group>";
		};
		D076FD7F1A11985900E9E148 /* Supporting Files */ = {
			isa = PBXGroup;
			children = (
				D070CF2D1A12989100AEFD8A /* PrefixHeader.pch */,
				D076FDA51A11A00C00E9E148 /* Images */,
				D076FD801A11985900E9E148 /* Info.plist */,
				D076FD811A11985900E9E148 /* main.m */,
			);
			name = "Supporting Files";
			sourceTree = "<group>";
		};
		D076FD981A11985900E9E148 /* VirtualTourTests */ = {
			isa = PBXGroup;
			children = (
				D076FD9B1A11985900E9E148 /* VirtualTourTests.m */,
				D076FD991A11985900E9E148 /* Supporting Files */,
			);
			path = VirtualTourTests;
			sourceTree = "<group>";
		};
		D076FD991A11985900E9E148 /* Supporting Files */ = {
			isa = PBXGroup;
			children = (
				D076FD9A1A11985900E9E148 /* Info.plist */,
			);
			name = "Supporting Files";
			sourceTree = "<group>";
		};
		D076FDA51A11A00C00E9E148 /* Images */ = {
			isa = PBXGroup;
			children = (
				D076FDA61A11A02C00E9E148 /* IMG_0177.jpg */,
				D076FDA71A11A02C00E9E148 /* IMG_0178.jpg */,
				D076FDA81A11A02C00E9E148 /* IMG_0179.jpg */,
				D076FDA91A11A02C00E9E148 /* IMG_0180.jpg */,
				D076FDAA1A11A02C00E9E148 /* IMG_0181.jpg */,
				D076FDAB1A11A02C00E9E148 /* IMG_0182.jpg */,
				D076FDAC1A11A02C00E9E148 /* IMG_0183.jpg */,
				D076FDAD1A11A02C00E9E148 /* IMG_0184.jpg */,
				D076FDAE1A11A02C00E9E148 /* IMG_0185.jpg */,
				D076FDAF1A11A02C00E9E148 /* IMG_0186.jpg */,
				D076FDB01A11A02C00E9E148 /* IMG_0187.jpg */,
				D076FDB11A11A02C00E9E148 /* IMG_0188.jpg */,
			);
			name = Images;
			sourceTree = "<group>";
		};
/* End PBXGroup section */

/* Begin PBXNativeTarget section */
		D076FD7B1A11985800E9E148 /* VirtualTour */ = {
			isa = PBXNativeTarget;
			buildConfigurationList = D076FD9F1A11985900E9E148 /* Build configuration list for PBXNativeTarget "VirtualTour" */;
			buildPhases = (
				D7426C2FA6D4E762ED6E8C4F /* Check Pods Manifest.lock */,
				D076FD781A11985800E9E148 /* Sources */,
				D076FD791A11985800E9E148 /* Frameworks */,
				D076FD7A1A11985800E9E148 /* Resources */,
				69099D34756F59B3D765979F /* Copy Pods Resources */,
			);
			buildRules = (
			);
			dependencies = (
			);
			name = VirtualTour;
			productName = VirtualTour;
			productReference = D076FD7C1A11985900E9E148 /* VirtualTour.app */;
			productType = "com.apple.product-type.application";
		};
		D076FD941A11985900E9E148 /* VirtualTourTests */ = {
			isa = PBXNativeTarget;
			buildConfigurationList = D076FDA21A11985900E9E148 /* Build configuration list for PBXNativeTarget "VirtualTourTests" */;
			buildPhases = (
				D076FD911A11985900E9E148 /* Sources */,
				D076FD921A11985900E9E148 /* Frameworks */,
				D076FD931A11985900E9E148 /* Resources */,
			);
			buildRules = (
			);
			dependencies = (
				D076FD971A11985900E9E148 /* PBXTargetDependency */,
			);
			name = VirtualTourTests;
			productName = VirtualTourTests;
			productReference = D076FD951A11985900E9E148 /* VirtualTourTests.xctest */;
			productType = "com.apple.product-type.bundle.unit-test";
		};
/* End PBXNativeTarget section */

/* Begin PBXProject section */
		D076FD741A11985800E9E148 /* Project object */ = {
			isa = PBXProject;
			attributes = {
				LastUpgradeCheck = 0610;
				ORGANIZATIONNAME = "Louis Tran";
				TargetAttributes = {
					D076FD7B1A11985800E9E148 = {
						CreatedOnToolsVersion = 6.1;
						DevelopmentTeam = LYWVWF962T;
					};
					D076FD941A11985900E9E148 = {
						CreatedOnToolsVersion = 6.1;
						DevelopmentTeam = LYWVWF962T;
						TestTargetID = D076FD7B1A11985800E9E148;
					};
				};
			};
			buildConfigurationList = D076FD771A11985800E9E148 /* Build configuration list for PBXProject "VirtualTour" */;
			compatibilityVersion = "Xcode 3.2";
			developmentRegion = English;
			hasScannedForEncodings = 0;
			knownRegions = (
				en,
				Base,
			);
			mainGroup = D076FD731A11985800E9E148;
			productRefGroup = D076FD7D1A11985900E9E148 /* Products */;
			projectDirPath = "";
			projectRoot = "";
			targets = (
				D076FD7B1A11985800E9E148 /* VirtualTour */,
				D076FD941A11985900E9E148 /* VirtualTourTests */,
			);
		};
/* End PBXProject section */

/* Begin PBXResourcesBuildPhase section */
		D076FD7A1A11985800E9E148 /* Resources */ = {
			isa = PBXResourcesBuildPhase;
			buildActionMask = 2147483647;
			files = (
				D076FD8B1A11985900E9E148 /* Main.storyboard in Resources */,
				D076FDBD1A11A02C00E9E148 /* IMG_0188.jpg in Resources */,
				D076FDBA1A11A02C00E9E148 /* IMG_0185.jpg in Resources */,
				D076FDB81A11A02C00E9E148 /* IMG_0183.jpg in Resources */,
				D076FDB61A11A02C00E9E148 /* IMG_0181.jpg in Resources */,
				D076FDBB1A11A02C00E9E148 /* IMG_0186.jpg in Resources */,
				D076FDB31A11A02C00E9E148 /* IMG_0178.jpg in Resources */,
				D076FDB91A11A02C00E9E148 /* IMG_0184.jpg in Resources */,
				D076FD901A11985900E9E148 /* LaunchScreen.xib in Resources */,
				D076FDB71A11A02C00E9E148 /* IMG_0182.jpg in Resources */,
				D076FDB21A11A02C00E9E148 /* IMG_0177.jpg in Resources */,
				D076FDB41A11A02C00E9E148 /* IMG_0179.jpg in Resources */,
				D076FD8D1A11985900E9E148 /* Images.xcassets in Resources */,
				D076FDB51A11A02C00E9E148 /* IMG_0180.jpg in Resources */,
				D076FDBC1A11A02C00E9E148 /* IMG_0187.jpg in Resources */,
			);
			runOnlyForDeploymentPostprocessing = 0;
		};
		D076FD931A11985900E9E148 /* Resources */ = {
			isa = PBXResourcesBuildPhase;
			buildActionMask = 2147483647;
			files = (
			);
			runOnlyForDeploymentPostprocessing = 0;
		};
/* End PBXResourcesBuildPhase section */

/* Begin PBXShellScriptBuildPhase section */
		69099D34756F59B3D765979F /* Copy Pods Resources */ = {
			isa = PBXShellScriptBuildPhase;
			buildActionMask = 2147483647;
			files = (
			);
			inputPaths = (
			);
			name = "Copy Pods Resources";
			outputPaths = (
			);
			runOnlyForDeploymentPostprocessing = 0;
			shellPath = /bin/sh;
			shellScript = "\"${SRCROOT}/Pods/Target Support Files/Pods/Pods-resources.sh\"\n";
			showEnvVarsInLog = 0;
		};
		D7426C2FA6D4E762ED6E8C4F /* Check Pods Manifest.lock */ = {
			isa = PBXShellScriptBuildPhase;
			buildActionMask = 2147483647;
			files = (
			);
			inputPaths = (
			);
			name = "Check Pods Manifest.lock";
			outputPaths = (
			);
			runOnlyForDeploymentPostprocessing = 0;
			shellPath = /bin/sh;
			shellScript = "diff \"${PODS_ROOT}/../Podfile.lock\" \"${PODS_ROOT}/Manifest.lock\" > /dev/null\nif [[ $? != 0 ]] ; then\n    cat << EOM\nerror: The sandbox is not in sync with the Podfile.lock. Run 'pod install' or update your CocoaPods installation.\nEOM\n    exit 1\nfi\n";
			showEnvVarsInLog = 0;
		};
/* End PBXShellScriptBuildPhase section */

/* Begin PBXSourcesBuildPhase section */
		D076FD781A11985800E9E148 /* Sources */ = {
			isa = PBXSourcesBuildPhase;
			buildActionMask = 2147483647;
			files = (
				D070CF321A129BEC00AEFD8A /* ImageGenerator.m in Sources */,
				D076FD881A11985900E9E148 /* ViewController.m in Sources */,
				D076FDC11A11A3C900E9E148 /* PanoramaSticher.mm in Sources */,
				D076FD851A11985900E9E148 /* AppDelegate.m in Sources */,
				D070CF3F1A12C1EF00AEFD8A /* ResultVC.m in Sources */,
				D03F8CD41A14225C007D2136 /* NSString+Extras.m in Sources */,
				D070CF3C1A12BBE100AEFD8A /* UIImage+OpenCV.mm in Sources */,
				D076FD821A11985900E9E148 /* main.m in Sources */,
				D0EDB2381A13D6D800B730A0 /* VTRImageDebugView.m in Sources */,
			);
			runOnlyForDeploymentPostprocessing = 0;
		};
		D076FD911A11985900E9E148 /* Sources */ = {
			isa = PBXSourcesBuildPhase;
			buildActionMask = 2147483647;
			files = (
				D076FD9C1A11985900E9E148 /* VirtualTourTests.m in Sources */,
			);
			runOnlyForDeploymentPostprocessing = 0;
		};
/* End PBXSourcesBuildPhase section */

/* Begin PBXTargetDependency section */
		D076FD971A11985900E9E148 /* PBXTargetDependency */ = {
			isa = PBXTargetDependency;
			target = D076FD7B1A11985800E9E148 /* VirtualTour */;
			targetProxy = D076FD961A11985900E9E148 /* PBXContainerItemProxy */;
		};
/* End PBXTargetDependency section */

/* Begin PBXVariantGroup section */
		D076FD891A11985900E9E148 /* Main.storyboard */ = {
			isa = PBXVariantGroup;
			children = (
				D076FD8A1A11985900E9E148 /* Base */,
			);
			name = Main.storyboard;
			sourceTree = "<group>";
		};
		D076FD8E1A11985900E9E148 /* LaunchScreen.xib */ = {
			isa = PBXVariantGroup;
			children = (
				D076FD8F1A11985900E9E148 /* Base */,
			);
			name = LaunchScreen.xib;
			sourceTree = "<group>";
		};
/* End PBXVariantGroup section */

/* Begin XCBuildConfiguration section */
		D076FD9D1A11985900E9E148 /* Debug */ = {
			isa = XCBuildConfiguration;
			buildSettings = {
				ALWAYS_SEARCH_USER_PATHS = NO;
				CLANG_CXX_LANGUAGE_STANDARD = "gnu++0x";
				CLANG_CXX_LIBRARY = "libc++";
				CLANG_ENABLE_MODULES = YES;
				CLANG_ENABLE_OBJC_ARC = YES;
				CLANG_WARN_BOOL_CONVERSION = YES;
				CLANG_WARN_CONSTANT_CONVERSION = YES;
				CLANG_WARN_DIRECT_OBJC_ISA_USAGE = YES_ERROR;
				CLANG_WARN_EMPTY_BODY = YES;
				CLANG_WARN_ENUM_CONVERSION = YES;
				CLANG_WARN_INT_CONVERSION = YES;
				CLANG_WARN_OBJC_ROOT_CLASS = YES_ERROR;
				CLANG_WARN_UNREACHABLE_CODE = YES;
				CLANG_WARN__DUPLICATE_METHOD_MATCH = YES;
				"CODE_SIGN_IDENTITY[sdk=iphoneos*]" = "iPhone Developer";
				COPY_PHASE_STRIP = NO;
				ENABLE_STRICT_OBJC_MSGSEND = YES;
				GCC_C_LANGUAGE_STANDARD = gnu99;
				GCC_DYNAMIC_NO_PIC = NO;
				GCC_OPTIMIZATION_LEVEL = 0;
				GCC_PREPROCESSOR_DEFINITIONS = (
					"DEBUG=1",
					"$(inherited)",
				);
				GCC_SYMBOLS_PRIVATE_EXTERN = NO;
				GCC_WARN_64_TO_32_BIT_CONVERSION = YES;
				GCC_WARN_ABOUT_RETURN_TYPE = YES_ERROR;
				GCC_WARN_UNDECLARED_SELECTOR = YES;
				GCC_WARN_UNINITIALIZED_AUTOS = YES_AGGRESSIVE;
				GCC_WARN_UNUSED_FUNCTION = YES;
				GCC_WARN_UNUSED_VARIABLE = YES;
				IPHONEOS_DEPLOYMENT_TARGET = 8.1;
				MTL_ENABLE_DEBUG_INFO = YES;
				ONLY_ACTIVE_ARCH = YES;
				SDKROOT = iphoneos;
			};
			name = Debug;
		};
		D076FD9E1A11985900E9E148 /* Release */ = {
			isa = XCBuildConfiguration;
			buildSettings = {
				ALWAYS_SEARCH_USER_PATHS = NO;
				CLANG_CXX_LANGUAGE_STANDARD = "gnu++0x";
				CLANG_CXX_LIBRARY = "libc++";
				CLANG_ENABLE_MODULES = YES;
				CLANG_ENABLE_OBJC_ARC = YES;
				CLANG_WARN_BOOL_CONVERSION = YES;
				CLANG_WARN_CONSTANT_CONVERSION = YES;
				CLANG_WARN_DIRECT_OBJC_ISA_USAGE = YES_ERROR;
				CLANG_WARN_EMPTY_BODY = YES;
				CLANG_WARN_ENUM_CONVERSION = YES;
				CLANG_WARN_INT_CONVERSION = YES;
				CLANG_WARN_OBJC_ROOT_CLASS = YES_ERROR;
				CLANG_WARN_UNREACHABLE_CODE = YES;
				CLANG_WARN__DUPLICATE_METHOD_MATCH = YES;
				"CODE_SIGN_IDENTITY[sdk=iphoneos*]" = "iPhone Developer";
				COPY_PHASE_STRIP = YES;
				ENABLE_NS_ASSERTIONS = NO;
				ENABLE_STRICT_OBJC_MSGSEND = YES;
				GCC_C_LANGUAGE_STANDARD = gnu99;
				GCC_WARN_64_TO_32_BIT_CONVERSION = YES;
				GCC_WARN_ABOUT_RETURN_TYPE = YES_ERROR;
				GCC_WARN_UNDECLARED_SELECTOR = YES;
				GCC_WARN_UNINITIALIZED_AUTOS = YES_AGGRESSIVE;
				GCC_WARN_UNUSED_FUNCTION = YES;
				GCC_WARN_UNUSED_VARIABLE = YES;
				IPHONEOS_DEPLOYMENT_TARGET = 8.1;
				MTL_ENABLE_DEBUG_INFO = NO;
				SDKROOT = iphoneos;
				VALIDATE_PRODUCT = YES;
			};
			name = Release;
		};
		D076FDA01A11985900E9E148 /* Debug */ = {
			isa = XCBuildConfiguration;
			baseConfigurationReference = 1FB8DC7A3B414710B5B8657B /* Pods.debug.xcconfig */;
			buildSettings = {
				ASSETCATALOG_COMPILER_APPICON_NAME = AppIcon;
				CLANG_CXX_LIBRARY = "libc++";
				CODE_SIGN_IDENTITY = "iPhone Developer";
				GCC_PRECOMPILE_PREFIX_HEADER = YES;
				GCC_PREFIX_HEADER = VirtualTour/PrefixHeader.pch;
				INFOPLIST_FILE = VirtualTour/Info.plist;
				IPHONEOS_DEPLOYMENT_TARGET = 7.1;
				LD_RUNPATH_SEARCH_PATHS = "$(inherited) @executable_path/Frameworks";
				PRODUCT_NAME = "$(TARGET_NAME)";
				TARGETED_DEVICE_FAMILY = 1;
			};
			name = Debug;
		};
		D076FDA11A11985900E9E148 /* Release */ = {
			isa = XCBuildConfiguration;
			baseConfigurationReference = D9852D8DE31A2E30E49BFAFE /* Pods.release.xcconfig */;
			buildSettings = {
				ASSETCATALOG_COMPILER_APPICON_NAME = AppIcon;
				CLANG_CXX_LIBRARY = "libc++";
				CODE_SIGN_IDENTITY = "iPhone Developer";
				GCC_PRECOMPILE_PREFIX_HEADER = YES;
				GCC_PREFIX_HEADER = VirtualTour/PrefixHeader.pch;
				INFOPLIST_FILE = VirtualTour/Info.plist;
				IPHONEOS_DEPLOYMENT_TARGET = 7.1;
				LD_RUNPATH_SEARCH_PATHS = "$(inherited) @executable_path/Frameworks";
				PRODUCT_NAME = "$(TARGET_NAME)";
				TARGETED_DEVICE_FAMILY = 1;
			};
			name = Release;
		};
		D076FDA31A11985900E9E148 /* Debug */ = {
			isa = XCBuildConfiguration;
			buildSettings = {
				BUNDLE_LOADER = "$(TEST_HOST)";
				FRAMEWORK_SEARCH_PATHS = (
					"$(SDKROOT)/Developer/Library/Frameworks",
					"$(inherited)",
				);
				GCC_PREPROCESSOR_DEFINITIONS = (
					"DEBUG=1",
					"$(inherited)",
				);
				INFOPLIST_FILE = VirtualTourTests/Info.plist;
				LD_RUNPATH_SEARCH_PATHS = "$(inherited) @executable_path/Frameworks @loader_path/Frameworks";
				PRODUCT_NAME = "$(TARGET_NAME)";
				TEST_HOST = "$(BUILT_PRODUCTS_DIR)/VirtualTour.app/VirtualTour";
			};
			name = Debug;
		};
		D076FDA41A11985900E9E148 /* Release */ = {
			isa = XCBuildConfiguration;
			buildSettings = {
				BUNDLE_LOADER = "$(TEST_HOST)";
				FRAMEWORK_SEARCH_PATHS = (
					"$(SDKROOT)/Developer/Library/Frameworks",
					"$(inherited)",
				);
				INFOPLIST_FILE = VirtualTourTests/Info.plist;
				LD_RUNPATH_SEARCH_PATHS = "$(inherited) @executable_path/Frameworks @loader_path/Frameworks";
				PRODUCT_NAME = "$(TARGET_NAME)";
				TEST_HOST = "$(BUILT_PRODUCTS_DIR)/VirtualTour.app/VirtualTour";
			};
			name = Release;
		};
/* End XCBuildConfiguration section */

/* Begin XCConfigurationList section */
		D076FD771A11985800E9E148 /* Build configuration list for PBXProject "VirtualTour" */ = {
			isa = XCConfigurationList;
			buildConfigurations = (
				D076FD9D1A11985900E9E148 /* Debug */,
				D076FD9E1A11985900E9E148 /* Release */,
			);
			defaultConfigurationIsVisible = 0;
			defaultConfigurationName = Release;
		};
		D076FD9F1A11985900E9E148 /* Build configuration list for PBXNativeTarget "VirtualTour" */ = {
			isa = XCConfigurationList;
			buildConfigurations = (
				D076FDA01A11985900E9E148 /* Debug */,
				D076FDA11A11985900E9E148 /* Release */,
			);
			defaultConfigurationIsVisible = 0;
			defaultConfigurationName = Release;
		};
		D076FDA21A11985900E9E148 /* Build configuration list for PBXNativeTarget "VirtualTourTests" */ = {
			isa = XCConfigurationList;
			buildConfigurations = (
				D076FDA31A11985900E9E148 /* Debug */,
				D076FDA41A11985900E9E148 /* Release */,
			);
			defaultConfigurationIsVisible = 0;
			defaultConfigurationName = Release;
		};
/* End XCConfigurationList section */
	};
	rootObject = D076FD741A11985800E9E148 /* Project object */;
}
